
Microsoft Visual Studio Solution File, Format Version 12.00
# Visual Studio Version 16
VisualStudioVersion = 16.0.30011.22
MinimumVisualStudioVersion = 10.0.40219.1
Project("{FAE04EC0-301F-11D3-BF4B-00C04F79EFBC}") = "Event_Infinity", "Event_Infinity.csproj", "{805C3D96-E166-4B2F-932F-386474B7DC1A}"
EndProject
Global
	GlobalSection(SolutionConfigurationPlatforms) = preSolution
		Debug|Any CPU = Debug|Any CPU
		Release|Any CPU = Release|Any CPU
	EndGlobalSection
	GlobalSection(ProjectConfigurationPlatforms) = postSolution
		{805C3D96-E166-4B2F-932F-386474B7DC1A}.Debug|Any CPU.ActiveCfg = Debug|Any CPU
		{805C3D96-E166-4B2F-932F-386474B7DC1A}.Debug|Any CPU.Build.0 = Debug|Any CPU
		{805C3D96-E166-4B2F-932F-386474B7DC1A}.Release|Any CPU.ActiveCfg = Release|Any CPU
		{805C3D96-E166-4B2F-932F-386474B7DC1A}.Release|Any CPU.Build.0 = Release|Any CPU
	EndGlobalSection
	GlobalSection(SolutionProperties) = preSolution
		HideSolutionNode = FALSE
	EndGlobalSection
	GlobalSection(ExtensibilityGlobals) = postSolution
		SolutionGuid = {7EBA9356-8058-44DD-B147-9C99AD14D8F8}
	EndGlobalSection
EndGlobal
